
Microsoft Visual Studio Solution File, Format Version 12.00
# Visual Studio 2017
Project("{FAE04EC0-301F-11D3-BF4B-00C04F79EFBC}") = "ML_Sound_Samples", "ML_Sound_Samples.csproj", "{06E16193-8FCB-C939-C299-B4919F84C2CF}"
EndProject
Global
	GlobalSection(SolutionConfigurationPlatforms) = preSolution
		Debug|Any CPU = Debug|Any CPU
		Release|Any CPU = Release|Any CPU
	EndGlobalSection
	GlobalSection(ProjectConfigurationPlatforms) = postSolution
		{06E16193-8FCB-C939-C299-B4919F84C2CF}.Debug|Any CPU.ActiveCfg = Debug|Any CPU
		{06E16193-8FCB-C939-C299-B4919F84C2CF}.Debug|Any CPU.Build.0 = Debug|Any CPU
		{06E16193-8FCB-C939-C299-B4919F84C2CF}.Release|Any CPU.ActiveCfg = Release|Any CPU
		{06E16193-8FCB-C939-C299-B4919F84C2CF}.Release|Any CPU.Build.0 = Release|Any CPU
	EndGlobalSection
	GlobalSection(SolutionProperties) = preSolution
		HideSolutionNode = FALSE
	EndGlobalSection
EndGlobal
